
Microsoft Visual Studio Solution File, Format Version 12.00
# Visual Studio Version 17
VisualStudioVersion = 17.6.33723.286
MinimumVisualStudioVersion = 10.0.40219.1
Project("{FAE04EC0-301F-11D3-BF4B-00C04F79EFBC}") = "MdtApi", "MdtApi\MdtApi.csproj", "{B91466F1-F2E3-4A43-B254-61BACBBDD64D}"
EndProject
Global
	GlobalSection(SolutionConfigurationPlatforms) = preSolution
		Debug|Any CPU = Debug|Any CPU
		Release|Any CPU = Release|Any CPU
	EndGlobalSection
	GlobalSection(ProjectConfigurationPlatforms) = postSolution
		{B91466F1-F2E3-4A43-B254-61BACBBDD64D}.Debug|Any CPU.ActiveCfg = Debug|Any CPU
		{B91466F1-F2E3-4A43-B254-61BACBBDD64D}.Debug|Any CPU.Build.0 = Debug|Any CPU
		{B91466F1-F2E3-4A43-B254-61BACBBDD64D}.Release|Any CPU.ActiveCfg = Release|Any CPU
		{B91466F1-F2E3-4A43-B254-61BACBBDD64D}.Release|Any CPU.Build.0 = Release|Any CPU
	EndGlobalSection
	GlobalSection(SolutionProperties) = preSolution
		HideSolutionNode = FALSE
	EndGlobalSection
	GlobalSection(ExtensibilityGlobals) = postSolution
		SolutionGuid = {91E86E47-2EF3-49EC-A470-9C5472E87ED4}
	EndGlobalSection
EndGlobal
